// !$*UTF8*$!
{
	archiveVersion = 1;
	classes = {
	};
	objectVersion = 56;
	objects = {

/* Begin PBXBuildFile section */
		77123A2028F2EE0400674B4B /* Model.swift in Sources */ = {isa = PBXBuildFile; fileRef = 77123A1F28F2EE0400674B4B /* Model.swift */; };
		77123A2228F2FABD00674B4B /* HomeView.swift in Sources */ = {isa = PBXBuildFile; fileRef = 77123A2128F2FABD00674B4B /* HomeView.swift */; };
		77123A2428F3020A00674B4B /* SheetView.swift in Sources */ = {isa = PBXBuildFile; fileRef = 77123A2328F3020A00674B4B /* SheetView.swift */; };
		772B6F8128D3790B00E49F63 /* google_maps_platformApp.swift in Sources */ = {isa = PBXBuildFile; fileRef = 772B6F8028D3790B00E49F63 /* google_maps_platformApp.swift */; };
		772B6F8328D3790B00E49F63 /* ContentView.swift in Sources */ = {isa = PBXBuildFile; fileRef = 772B6F8228D3790B00E49F63 /* ContentView.swift */; };
		772B6F8528D3790D00E49F63 /* Assets.xcassets in Resources */ = {isa = PBXBuildFile; fileRef = 772B6F8428D3790D00E49F63 /* Assets.xcassets */; };
		772B6F8928D3790D00E49F63 /* Preview Assets.xcassets in Resources */ = {isa = PBXBuildFile; fileRef = 772B6F8828D3790D00E49F63 /* Preview Assets.xcassets */; };
		772FF17128F0CBA70002E423 /* PopupView in Frameworks */ = {isa = PBXBuildFile; productRef = 772FF17028F0CBA70002E423 /* PopupView */; };
		773814A628DE34A000D978E8 /* ViewDesign.swift in Sources */ = {isa = PBXBuildFile; fileRef = 773814A528DE34A000D978E8 /* ViewDesign.swift */; };
		776EEEDF28DDBAA9000E1765 /* AuthView.swift in Sources */ = {isa = PBXBuildFile; fileRef = 776EEEDE28DDBAA9000E1765 /* AuthView.swift */; };
		776EEEE128DDBD20000E1765 /* Color.swift in Sources */ = {isa = PBXBuildFile; fileRef = 776EEEE028DDBD20000E1765 /* Color.swift */; };
		77DCC06D28DEF328003B5A33 /* MoveKeyboard.swift in Sources */ = {isa = PBXBuildFile; fileRef = 77DCC06C28DEF328003B5A33 /* MoveKeyboard.swift */; };
		77DCC06F28DF0A97003B5A33 /* GoogleService-Info.plist in Resources */ = {isa = PBXBuildFile; fileRef = 77DCC06E28DF0A96003B5A33 /* GoogleService-Info.plist */; };
		77DCC07228DF0BAD003B5A33 /* FirebaseAuth in Frameworks */ = {isa = PBXBuildFile; productRef = 77DCC07128DF0BAD003B5A33 /* FirebaseAuth */; };
		77DCC07428DF0BAD003B5A33 /* FirebaseFirestore in Frameworks */ = {isa = PBXBuildFile; productRef = 77DCC07328DF0BAD003B5A33 /* FirebaseFirestore */; };
		77DCC07628DF0BAD003B5A33 /* FirebaseStorage in Frameworks */ = {isa = PBXBuildFile; productRef = 77DCC07528DF0BAD003B5A33 /* FirebaseStorage */; };
		77DCC07828E20E9C003B5A33 /* Authentication.swift in Sources */ = {isa = PBXBuildFile; fileRef = 77DCC07728E20E9B003B5A33 /* Authentication.swift */; };
/* End PBXBuildFile section */

/* Begin PBXFileReference section */
		77123A1F28F2EE0400674B4B /* Model.swift */ = {isa = PBXFileReference; lastKnownFileType = sourcecode.swift; path = Model.swift; sourceTree = "<group>"; };
		77123A2128F2FABD00674B4B /* HomeView.swift */ = {isa = PBXFileReference; lastKnownFileType = sourcecode.swift; path = HomeView.swift; sourceTree = "<group>"; };
		77123A2328F3020A00674B4B /* SheetView.swift */ = {isa = PBXFileReference; lastKnownFileType = sourcecode.swift; path = SheetView.swift; sourceTree = "<group>"; };
		772B6F7D28D3790B00E49F63 /* google-maps-platform.app */ = {isa = PBXFileReference; explicitFileType = wrapper.application; includeInIndex = 0; path = "google-maps-platform.app"; sourceTree = BUILT_PRODUCTS_DIR; };
		772B6F8028D3790B00E49F63 /* google_maps_platformApp.swift */ = {isa = PBXFileReference; lastKnownFileType = sourcecode.swift; path = google_maps_platformApp.swift; sourceTree = "<group>"; };
		772B6F8228D3790B00E49F63 /* ContentView.swift */ = {isa = PBXFileReference; lastKnownFileType = sourcecode.swift; path = ContentView.swift; sourceTree = "<group>"; };
		772B6F8428D3790D00E49F63 /* Assets.xcassets */ = {isa = PBXFileReference; lastKnownFileType = folder.assetcatalog; path = Assets.xcassets; sourceTree = "<group>"; };
		772B6F8628D3790D00E49F63 /* google_maps_platform.entitlements */ = {isa = PBXFileReference; lastKnownFileType = text.plist.entitlements; path = google_maps_platform.entitlements; sourceTree = "<group>"; };
		772B6F8828D3790D00E49F63 /* Preview Assets.xcassets */ = {isa = PBXFileReference; lastKnownFileType = folder.assetcatalog; path = "Preview Assets.xcassets"; sourceTree = "<group>"; };
		773814A528DE34A000D978E8 /* ViewDesign.swift */ = {isa = PBXFileReference; lastKnownFileType = sourcecode.swift; path = ViewDesign.swift; sourceTree = "<group>"; };
		776EEEDE28DDBAA9000E1765 /* AuthView.swift */ = {isa = PBXFileReference; lastKnownFileType = sourcecode.swift; path = AuthView.swift; sourceTree = "<group>"; };
		776EEEE028DDBD20000E1765 /* Color.swift */ = {isa = PBXFileReference; lastKnownFileType = sourcecode.swift; path = Color.swift; sourceTree = "<group>"; };
		77DCC06C28DEF328003B5A33 /* MoveKeyboard.swift */ = {isa = PBXFileReference; lastKnownFileType = sourcecode.swift; path = MoveKeyboard.swift; sourceTree = "<group>"; };
		77DCC06E28DF0A96003B5A33 /* GoogleService-Info.plist */ = {isa = PBXFileReference; fileEncoding = 4; lastKnownFileType = text.plist.xml; path = "GoogleService-Info.plist"; sourceTree = "<group>"; };
		77DCC07728E20E9B003B5A33 /* Authentication.swift */ = {isa = PBXFileReference; lastKnownFileType = sourcecode.swift; path = Authentication.swift; sourceTree = "<group>"; };
/* End PBXFileReference section */

/* Begin PBXFrameworksBuildPhase section */
		772B6F7A28D3790B00E49F63 /* Frameworks */ = {
			isa = PBXFrameworksBuildPhase;
			buildActionMask = 2147483647;
			files = (
				772FF17128F0CBA70002E423 /* PopupView in Frameworks */,
				77DCC07228DF0BAD003B5A33 /* FirebaseAuth in Frameworks */,
				77DCC07428DF0BAD003B5A33 /* FirebaseFirestore in Frameworks */,
				77DCC07628DF0BAD003B5A33 /* FirebaseStorage in Frameworks */,
			);
			runOnlyForDeploymentPostprocessing = 0;
		};
/* End PBXFrameworksBuildPhase section */

/* Begin PBXGroup section */
		772B6F7428D3790B00E49F63 = {
			isa = PBXGroup;
			children = (
				772B6F7F28D3790B00E49F63 /* google-maps-platform */,
				772B6F7E28D3790B00E49F63 /* Products */,
			);
			sourceTree = "<group>";
		};
		772B6F7E28D3790B00E49F63 /* Products */ = {
			isa = PBXGroup;
			children = (
				772B6F7D28D3790B00E49F63 /* google-maps-platform.app */,
			);
			name = Products;
			sourceTree = "<group>";
		};
		772B6F7F28D3790B00E49F63 /* google-maps-platform */ = {
			isa = PBXGroup;
			children = (
				77DCC06E28DF0A96003B5A33 /* GoogleService-Info.plist */,
				772B6F8028D3790B00E49F63 /* google_maps_platformApp.swift */,
				772B6F8228D3790B00E49F63 /* ContentView.swift */,
				776EEEDE28DDBAA9000E1765 /* AuthView.swift */,
				77123A2128F2FABD00674B4B /* HomeView.swift */,
				77DCC07728E20E9B003B5A33 /* Authentication.swift */,
				77DCC06C28DEF328003B5A33 /* MoveKeyboard.swift */,
				773814A528DE34A000D978E8 /* ViewDesign.swift */,
				77123A2328F3020A00674B4B /* SheetView.swift */,
				77123A1F28F2EE0400674B4B /* Model.swift */,
				776EEEE028DDBD20000E1765 /* Color.swift */,
				772B6F8428D3790D00E49F63 /* Assets.xcassets */,
				772B6F8628D3790D00E49F63 /* google_maps_platform.entitlements */,
				772B6F8728D3790D00E49F63 /* Preview Content */,
			);
			path = "google-maps-platform";
			sourceTree = "<group>";
		};
		772B6F8728D3790D00E49F63 /* Preview Content */ = {
			isa = PBXGroup;
			children = (
				772B6F8828D3790D00E49F63 /* Preview Assets.xcassets */,
			);
			path = "Preview Content";
			sourceTree = "<group>";
		};
/* End PBXGroup section */

/* Begin PBXNativeTarget section */
		772B6F7C28D3790B00E49F63 /* google-maps-platform */ = {
			isa = PBXNativeTarget;
			buildConfigurationList = 772B6F8C28D3790D00E49F63 /* Build configuration list for PBXNativeTarget "google-maps-platform" */;
			buildPhases = (
				772B6F7928D3790B00E49F63 /* Sources */,
				772B6F7A28D3790B00E49F63 /* Frameworks */,
				772B6F7B28D3790B00E49F63 /* Resources */,
			);
			buildRules = (
			);
			dependencies = (
			);
			name = "google-maps-platform";
			packageProductDependencies = (
				77DCC07128DF0BAD003B5A33 /* FirebaseAuth */,
				77DCC07328DF0BAD003B5A33 /* FirebaseFirestore */,
				77DCC07528DF0BAD003B5A33 /* FirebaseStorage */,
				772FF17028F0CBA70002E423 /* PopupView */,
			);
			productName = "google-maps-platform";
			productReference = 772B6F7D28D3790B00E49F63 /* google-maps-platform.app */;
			productType = "com.apple.product-type.application";
		};
/* End PBXNativeTarget section */

/* Begin PBXProject section */
		772B6F7528D3790B00E49F63 /* Project object */ = {
			isa = PBXProject;
			attributes = {
				BuildIndependentTargetsInParallel = 1;
				LastSwiftUpdateCheck = 1400;
				LastUpgradeCheck = 1400;
				TargetAttributes = {
					772B6F7C28D3790B00E49F63 = {
						CreatedOnToolsVersion = 14.0;
					};
				};
			};
			buildConfigurationList = 772B6F7828D3790B00E49F63 /* Build configuration list for PBXProject "google-maps-platform" */;
			compatibilityVersion = "Xcode 14.0";
			developmentRegion = en;
			hasScannedForEncodings = 0;
			knownRegions = (
				en,
				Base,
			);
			mainGroup = 772B6F7428D3790B00E49F63;
			packageReferences = (
				773814A728DE37FC00D978E8 /* XCRemoteSwiftPackageReference "Macaw" */,
				77DCC07028DF0BAD003B5A33 /* XCRemoteSwiftPackageReference "firebase-ios-sdk" */,
				772FF16F28F0CBA70002E423 /* XCRemoteSwiftPackageReference "PopupView" */,
			);
			productRefGroup = 772B6F7E28D3790B00E49F63 /* Products */;
			projectDirPath = "";
			projectRoot = "";
			targets = (
				772B6F7C28D3790B00E49F63 /* google-maps-platform */,
			);
		};
/* End PBXProject section */

/* Begin PBXResourcesBuildPhase section */
		772B6F7B28D3790B00E49F63 /* Resources */ = {
			isa = PBXResourcesBuildPhase;
			buildActionMask = 2147483647;
			files = (
				772B6F8928D3790D00E49F63 /* Preview Assets.xcassets in Resources */,
				772B6F8528D3790D00E49F63 /* Assets.xcassets in Resources */,
				77DCC06F28DF0A97003B5A33 /* GoogleService-Info.plist in Resources */,
			);
			runOnlyForDeploymentPostprocessing = 0;
		};
/* End PBXResourcesBuildPhase section */

/* Begin PBXSourcesBuildPhase section */
		772B6F7928D3790B00E49F63 /* Sources */ = {
			isa = PBXSourcesBuildPhase;
			buildActionMask = 2147483647;
			files = (
				77123A2228F2FABD00674B4B /* HomeView.swift in Sources */,
				77DCC07828E20E9C003B5A33 /* Authentication.swift in Sources */,
				77123A2428F3020A00674B4B /* SheetView.swift in Sources */,
				772B6F8328D3790B00E49F63 /* ContentView.swift in Sources */,
				776EEEE128DDBD20000E1765 /* Color.swift in Sources */,
				772B6F8128D3790B00E49F63 /* google_maps_platformApp.swift in Sources */,
				77DCC06D28DEF328003B5A33 /* MoveKeyboard.swift in Sources */,
				776EEEDF28DDBAA9000E1765 /* AuthView.swift in Sources */,
				773814A628DE34A000D978E8 /* ViewDesign.swift in Sources */,
				77123A2028F2EE0400674B4B /* Model.swift in Sources */,
			);
			runOnlyForDeploymentPostprocessing = 0;
		};
/* End PBXSourcesBuildPhase section */

/* Begin XCBuildConfiguration section */
		772B6F8A28D3790D00E49F63 /* Debug */ = {
			isa = XCBuildConfiguration;
			buildSettings = {
				ALWAYS_SEARCH_USER_PATHS = NO;
				CLANG_ANALYZER_NONNULL = YES;
				CLANG_ANALYZER_NUMBER_OBJECT_CONVERSION = YES_AGGRESSIVE;
				CLANG_CXX_LANGUAGE_STANDARD = "gnu++20";
				CLANG_ENABLE_MODULES = YES;
				CLANG_ENABLE_OBJC_ARC = YES;
				CLANG_ENABLE_OBJC_WEAK = YES;
				CLANG_WARN_BLOCK_CAPTURE_AUTORELEASING = YES;
				CLANG_WARN_BOOL_CONVERSION = YES;
				CLANG_WARN_COMMA = YES;
				CLANG_WARN_CONSTANT_CONVERSION = YES;
				CLANG_WARN_DEPRECATED_OBJC_IMPLEMENTATIONS = YES;
				CLANG_WARN_DIRECT_OBJC_ISA_USAGE = YES_ERROR;
				CLANG_WARN_DOCUMENTATION_COMMENTS = YES;
				CLANG_WARN_EMPTY_BODY = YES;
				CLANG_WARN_ENUM_CONVERSION = YES;
				CLANG_WARN_INFINITE_RECURSION = YES;
				CLANG_WARN_INT_CONVERSION = YES;
				CLANG_WARN_NON_LITERAL_NULL_CONVERSION = YES;
				CLANG_WARN_OBJC_IMPLICIT_RETAIN_SELF = YES;
				CLANG_WARN_OBJC_LITERAL_CONVERSION = YES;
				CLANG_WARN_OBJC_ROOT_CLASS = YES_ERROR;
				CLANG_WARN_QUOTED_INCLUDE_IN_FRAMEWORK_HEADER = YES;
				CLANG_WARN_RANGE_LOOP_ANALYSIS = YES;
				CLANG_WARN_STRICT_PROTOTYPES = YES;
				CLANG_WARN_SUSPICIOUS_MOVE = YES;
				CLANG_WARN_UNGUARDED_AVAILABILITY = YES_AGGRESSIVE;
				CLANG_WARN_UNREACHABLE_CODE = YES;
				CLANG_WARN__DUPLICATE_METHOD_MATCH = YES;
				COPY_PHASE_STRIP = NO;
				DEBUG_INFORMATION_FORMAT = dwarf;
				ENABLE_STRICT_OBJC_MSGSEND = YES;
				ENABLE_TESTABILITY = YES;
				GCC_C_LANGUAGE_STANDARD = gnu11;
				GCC_DYNAMIC_NO_PIC = NO;
				GCC_NO_COMMON_BLOCKS = YES;
				GCC_OPTIMIZATION_LEVEL = 0;
				GCC_PREPROCESSOR_DEFINITIONS = (
					"DEBUG=1",
					"$(inherited)",
				);
				GCC_WARN_64_TO_32_BIT_CONVERSION = YES;
				GCC_WARN_ABOUT_RETURN_TYPE = YES_ERROR;
				GCC_WARN_UNDECLARED_SELECTOR = YES;
				GCC_WARN_UNINITIALIZED_AUTOS = YES_AGGRESSIVE;
				GCC_WARN_UNUSED_FUNCTION = YES;
				GCC_WARN_UNUSED_VARIABLE = YES;
				MTL_ENABLE_DEBUG_INFO = INCLUDE_SOURCE;
				MTL_FAST_MATH = YES;
				ONLY_ACTIVE_ARCH = YES;
				SWIFT_ACTIVE_COMPILATION_CONDITIONS = DEBUG;
				SWIFT_OPTIMIZATION_LEVEL = "-Onone";
			};
			name = Debug;
		};
		772B6F8B28D3790D00E49F63 /* Release */ = {
			isa = XCBuildConfiguration;
			buildSettings = {
				ALWAYS_SEARCH_USER_PATHS = NO;
				CLANG_ANALYZER_NONNULL = YES;
				CLANG_ANALYZER_NUMBER_OBJECT_CONVERSION = YES_AGGRESSIVE;
				CLANG_CXX_LANGUAGE_STANDARD = "gnu++20";
				CLANG_ENABLE_MODULES = YES;
				CLANG_ENABLE_OBJC_ARC = YES;
				CLANG_ENABLE_OBJC_WEAK = YES;
				CLANG_WARN_BLOCK_CAPTURE_AUTORELEASING = YES;
				CLANG_WARN_BOOL_CONVERSION = YES;
				CLANG_WARN_COMMA = YES;
				CLANG_WARN_CONSTANT_CONVERSION = YES;
				CLANG_WARN_DEPRECATED_OBJC_IMPLEMENTATIONS = YES;
				CLANG_WARN_DIRECT_OBJC_ISA_USAGE = YES_ERROR;
				CLANG_WARN_DOCUMENTATION_COMMENTS = YES;
				CLANG_WARN_EMPTY_BODY = YES;
				CLANG_WARN_ENUM_CONVERSION = YES;
				CLANG_WARN_INFINITE_RECURSION = YES;
				CLANG_WARN_INT_CONVERSION = YES;
				CLANG_WARN_NON_LITERAL_NULL_CONVERSION = YES;
				CLANG_WARN_OBJC_IMPLICIT_RETAIN_SELF = YES;
				CLANG_WARN_OBJC_LITERAL_CONVERSION = YES;
				CLANG_WARN_OBJC_ROOT_CLASS = YES_ERROR;
				CLANG_WARN_QUOTED_INCLUDE_IN_FRAMEWORK_HEADER = YES;
				CLANG_WARN_RANGE_LOOP_ANALYSIS = YES;
				CLANG_WARN_STRICT_PROTOTYPES = YES;
				CLANG_WARN_SUSPICIOUS_MOVE = YES;
				CLANG_WARN_UNGUARDED_AVAILABILITY = YES_AGGRESSIVE;
				CLANG_WARN_UNREACHABLE_CODE = YES;
				CLANG_WARN__DUPLICATE_METHOD_MATCH = YES;
				COPY_PHASE_STRIP = NO;
				DEBUG_INFORMATION_FORMAT = "dwarf-with-dsym";
				ENABLE_NS_ASSERTIONS = NO;
				ENABLE_STRICT_OBJC_MSGSEND = YES;
				GCC_C_LANGUAGE_STANDARD = gnu11;
				GCC_NO_COMMON_BLOCKS = YES;
				GCC_WARN_64_TO_32_BIT_CONVERSION = YES;
				GCC_WARN_ABOUT_RETURN_TYPE = YES_ERROR;
				GCC_WARN_UNDECLARED_SELECTOR = YES;
				GCC_WARN_UNINITIALIZED_AUTOS = YES_AGGRESSIVE;
				GCC_WARN_UNUSED_FUNCTION = YES;
				GCC_WARN_UNUSED_VARIABLE = YES;
				MTL_ENABLE_DEBUG_INFO = NO;
				MTL_FAST_MATH = YES;
				SWIFT_COMPILATION_MODE = wholemodule;
				SWIFT_OPTIMIZATION_LEVEL = "-O";
			};
			name = Release;
		};
		772B6F8D28D3790D00E49F63 /* Debug */ = {
			isa = XCBuildConfiguration;
			buildSettings = {
				ASSETCATALOG_COMPILER_APPICON_NAME = AppIcon;
				ASSETCATALOG_COMPILER_GLOBAL_ACCENT_COLOR_NAME = AccentColor;
				CODE_SIGN_ENTITLEMENTS = "google-maps-platform/google_maps_platform.entitlements";
				CODE_SIGN_STYLE = Automatic;
				CURRENT_PROJECT_VERSION = 1;
				DEVELOPMENT_ASSET_PATHS = "\"google-maps-platform/Preview Content\"";
				DEVELOPMENT_TEAM = 548AU6WH8M;
				ENABLE_HARDENED_RUNTIME = YES;
				ENABLE_PREVIEWS = YES;
				GENERATE_INFOPLIST_FILE = YES;
				"INFOPLIST_KEY_UIApplicationSceneManifest_Generation[sdk=iphoneos*]" = YES;
				"INFOPLIST_KEY_UIApplicationSceneManifest_Generation[sdk=iphonesimulator*]" = YES;
				"INFOPLIST_KEY_UIApplicationSupportsIndirectInputEvents[sdk=iphoneos*]" = YES;
				"INFOPLIST_KEY_UIApplicationSupportsIndirectInputEvents[sdk=iphonesimulator*]" = YES;
				"INFOPLIST_KEY_UILaunchScreen_Generation[sdk=iphoneos*]" = YES;
				"INFOPLIST_KEY_UILaunchScreen_Generation[sdk=iphonesimulator*]" = YES;
				"INFOPLIST_KEY_UIStatusBarStyle[sdk=iphoneos*]" = UIStatusBarStyleDefault;
				"INFOPLIST_KEY_UIStatusBarStyle[sdk=iphonesimulator*]" = UIStatusBarStyleDefault;
				INFOPLIST_KEY_UISupportedInterfaceOrientations_iPad = "UIInterfaceOrientationPortrait UIInterfaceOrientationPortraitUpsideDown UIInterfaceOrientationLandscapeLeft UIInterfaceOrientationLandscapeRight";
				INFOPLIST_KEY_UISupportedInterfaceOrientations_iPhone = "UIInterfaceOrientationPortrait UIInterfaceOrientationLandscapeLeft UIInterfaceOrientationLandscapeRight";
				IPHONEOS_DEPLOYMENT_TARGET = 16.0;
				LD_RUNPATH_SEARCH_PATHS = "@executable_path/Frameworks";
				"LD_RUNPATH_SEARCH_PATHS[sdk=macosx*]" = "@executable_path/../Frameworks";
				MACOSX_DEPLOYMENT_TARGET = 12.3;
				MARKETING_VERSION = 1.0;
				PRODUCT_BUNDLE_IDENTIFIER = "me.amey.google-maps-platform";
				PRODUCT_NAME = "$(TARGET_NAME)";
				SDKROOT = auto;
				SUPPORTED_PLATFORMS = "iphoneos iphonesimulator macosx";
				SWIFT_EMIT_LOC_STRINGS = YES;
				SWIFT_VERSION = 5.0;
				TARGETED_DEVICE_FAMILY = "1,2";
			};
			name = Debug;
		};
		772B6F8E28D3790D00E49F63 /* Release */ = {
			isa = XCBuildConfiguration;
			buildSettings = {
				ASSETCATALOG_COMPILER_APPICON_NAME = AppIcon;
				ASSETCATALOG_COMPILER_GLOBAL_ACCENT_COLOR_NAME = AccentColor;
				CODE_SIGN_ENTITLEMENTS = "google-maps-platform/google_maps_platform.entitlements";
				CODE_SIGN_STYLE = Automatic;
				CURRENT_PROJECT_VERSION = 1;
				DEVELOPMENT_ASSET_PATHS = "\"google-maps-platform/Preview Content\"";
				DEVELOPMENT_TEAM = 548AU6WH8M;
				ENABLE_HARDENED_RUNTIME = YES;
				ENABLE_PREVIEWS = YES;
				GENERATE_INFOPLIST_FILE = YES;
				"INFOPLIST_KEY_UIApplicationSceneManifest_Generation[sdk=iphoneos*]" = YES;
				"INFOPLIST_KEY_UIApplicationSceneManifest_Generation[sdk=iphonesimulator*]" = YES;
				"INFOPLIST_KEY_UIApplicationSupportsIndirectInputEvents[sdk=iphoneos*]" = YES;
				"INFOPLIST_KEY_UIApplicationSupportsIndirectInputEvents[sdk=iphonesimulator*]" = YES;
				"INFOPLIST_KEY_UILaunchScreen_Generation[sdk=iphoneos*]" = YES;
				"INFOPLIST_KEY_UILaunchScreen_Generation[sdk=iphonesimulator*]" = YES;
				"INFOPLIST_KEY_UIStatusBarStyle[sdk=iphoneos*]" = UIStatusBarStyleDefault;
				"INFOPLIST_KEY_UIStatusBarStyle[sdk=iphonesimulator*]" = UIStatusBarStyleDefault;
				INFOPLIST_KEY_UISupportedInterfaceOrientations_iPad = "UIInterfaceOrientationPortrait UIInterfaceOrientationPortraitUpsideDown UIInterfaceOrientationLandscapeLeft UIInterfaceOrientationLandscapeRight";
				INFOPLIST_KEY_UISupportedInterfaceOrientations_iPhone = "UIInterfaceOrientationPortrait UIInterfaceOrientationLandscapeLeft UIInterfaceOrientationLandscapeRight";
				IPHONEOS_DEPLOYMENT_TARGET = 16.0;
				LD_RUNPATH_SEARCH_PATHS = "@executable_path/Frameworks";
				"LD_RUNPATH_SEARCH_PATHS[sdk=macosx*]" = "@executable_path/../Frameworks";
				MACOSX_DEPLOYMENT_TARGET = 12.3;
				MARKETING_VERSION = 1.0;
				PRODUCT_BUNDLE_IDENTIFIER = "me.amey.google-maps-platform";
				PRODUCT_NAME = "$(TARGET_NAME)";
				SDKROOT = auto;
				SUPPORTED_PLATFORMS = "iphoneos iphonesimulator macosx";
				SWIFT_EMIT_LOC_STRINGS = YES;
				SWIFT_VERSION = 5.0;
				TARGETED_DEVICE_FAMILY = "1,2";
			};
			name = Release;
		};
/* End XCBuildConfiguration section */

/* Begin XCConfigurationList section */
		772B6F7828D3790B00E49F63 /* Build configuration list for PBXProject "google-maps-platform" */ = {
			isa = XCConfigurationList;
			buildConfigurations = (
				772B6F8A28D3790D00E49F63 /* Debug */,
				772B6F8B28D3790D00E49F63 /* Release */,
			);
			defaultConfigurationIsVisible = 0;
			defaultConfigurationName = Release;
		};
		772B6F8C28D3790D00E49F63 /* Build configuration list for PBXNativeTarget "google-maps-platform" */ = {
			isa = XCConfigurationList;
			buildConfigurations = (
				772B6F8D28D3790D00E49F63 /* Debug */,
				772B6F8E28D3790D00E49F63 /* Release */,
			);
			defaultConfigurationIsVisible = 0;
			defaultConfigurationName = Release;
		};
/* End XCConfigurationList section */

/* Begin XCRemoteSwiftPackageReference section */
		772FF16F28F0CBA70002E423 /* XCRemoteSwiftPackageReference "PopupView" */ = {
			isa = XCRemoteSwiftPackageReference;
			repositoryURL = "https://github.com/exyte/PopupView";
			requirement = {
				kind = upToNextMajorVersion;
				minimumVersion = 1.0.0;
			};
		};
		773814A728DE37FC00D978E8 /* XCRemoteSwiftPackageReference "Macaw" */ = {
			isa = XCRemoteSwiftPackageReference;
			repositoryURL = "https://github.com/exyte/Macaw";
			requirement = {
				kind = upToNextMajorVersion;
				minimumVersion = 0.9.9;
			};
		};
		77DCC07028DF0BAD003B5A33 /* XCRemoteSwiftPackageReference "firebase-ios-sdk" */ = {
			isa = XCRemoteSwiftPackageReference;
			repositoryURL = "https://github.com/firebase/firebase-ios-sdk";
			requirement = {
				kind = upToNextMajorVersion;
				minimumVersion = 9.0.0;
			};
		};
/* End XCRemoteSwiftPackageReference section */

/* Begin XCSwiftPackageProductDependency section */
		772FF17028F0CBA70002E423 /* PopupView */ = {
			isa = XCSwiftPackageProductDependency;
			package = 772FF16F28F0CBA70002E423 /* XCRemoteSwiftPackageReference "PopupView" */;
			productName = PopupView;
		};
		77DCC07128DF0BAD003B5A33 /* FirebaseAuth */ = {
			isa = XCSwiftPackageProductDependency;
			package = 77DCC07028DF0BAD003B5A33 /* XCRemoteSwiftPackageReference "firebase-ios-sdk" */;
			productName = FirebaseAuth;
		};
		77DCC07328DF0BAD003B5A33 /* FirebaseFirestore */ = {
			isa = XCSwiftPackageProductDependency;
			package = 77DCC07028DF0BAD003B5A33 /* XCRemoteSwiftPackageReference "firebase-ios-sdk" */;
			productName = FirebaseFirestore;
		};
		77DCC07528DF0BAD003B5A33 /* FirebaseStorage */ = {
			isa = XCSwiftPackageProductDependency;
			package = 77DCC07028DF0BAD003B5A33 /* XCRemoteSwiftPackageReference "firebase-ios-sdk" */;
			productName = FirebaseStorage;
		};
/* End XCSwiftPackageProductDependency section */
	};
	rootObject = 772B6F7528D3790B00E49F63 /* Project object */;
}
